
Microsoft Visual Studio Solution File, Format Version 12.00
# Visual Studio Version 17
VisualStudioVersion = 17.13.35825.156
MinimumVisualStudioVersion = 10.0.40219.1
Project("{2150E333-8FDC-42A3-9474-1A3956D46DE8}") = "EShop", "EShop", "{02EA681E-C7D8-13C7-8484-4AC65E1B71E8}"
EndProject
Project("{FAE04EC0-301F-11D3-BF4B-00C04F79EFBC}") = "EShop.Application", "EShop.Application\EShop.Application.csproj", "{9D80DB9F-B582-4B8C-A661-15AFC7E6B03F}"
EndProject
Project("{FAE04EC0-301F-11D3-BF4B-00C04F79EFBC}") = "EShop.Domain", "EShop.Domain\EShop.Domain.csproj", "{E558EF8D-2591-4CDA-B65F-33BAE80BC9AF}"
EndProject
Project("{FAE04EC0-301F-11D3-BF4B-00C04F79EFBC}") = "EShopService", "EShopService\EShopService.csproj", "{40805867-2BC1-4DEB-A9AA-8CCA5E526535}"
EndProject
Project("{FAE04EC0-301F-11D3-BF4B-00C04F79EFBC}") = "EShop.Application.Tests", "EShop.Application.Tests\EShop.Application.Tests.csproj", "{A8573AC5-A9EE-406B-9FD4-7310D90C837F}"
EndProject
Project("{FAE04EC0-301F-11D3-BF4B-00C04F79EFBC}") = "EShop.Domain.Tests", "EShop.Domain.Tests\EShop.Domain.Tests.csproj", "{5B52A28B-BF70-41AF-B563-8307681FB423}"
EndProject
Project("{FAE04EC0-301F-11D3-BF4B-00C04F79EFBC}") = "EShopService.Tests", "EShopService.Tests\EShopService.Tests.csproj", "{1A4B3C64-6D80-4A51-9B04-0C4570CE4D37}"
EndProject
Project("{FAE04EC0-301F-11D3-BF4B-00C04F79EFBC}") = "EShopService.Integration.Tests", "EShopService.Integration.Tests\EShopService.Integration.Tests.csproj", "{C7D18154-6EE6-4AEF-96F1-9CF58ECB3C00}"
EndProject
Project("{2150E333-8FDC-42A3-9474-1A3956D46DE8}") = "UserService", "UserService", "{1D23319B-597D-4985-A1B0-DB8C07665BCD}"
EndProject
Project("{FAE04EC0-301F-11D3-BF4B-00C04F79EFBC}") = "UserService", "UserService\UserService.csproj", "{C0EA5C4F-6477-4B00-9765-4D3A820B3439}"
EndProject
Project("{FAE04EC0-301F-11D3-BF4B-00C04F79EFBC}") = "User.Domain", "UserDomain\User.Domain.csproj", "{CDBDD75C-65BF-451D-BA20-4434CBAAE757}"
EndProject
Project("{FAE04EC0-301F-11D3-BF4B-00C04F79EFBC}") = "User.Application", "User.Application\User.Application.csproj", "{B841A7EE-45F9-41A8-89FA-71E08C9C66BD}"
EndProject
Project("{FAE04EC0-301F-11D3-BF4B-00C04F79EFBC}") = "NotificationsService", "NotificationsService\NotificationsService.csproj", "{9BE4361E-D000-46B0-9716-5B03B4FE4332}"
EndProject
Project("{2150E333-8FDC-42A3-9474-1A3956D46DE8}") = "NotificationService", "NotificationService", "{82900DD0-B4C0-4876-892E-F4397ECBE020}"
EndProject
Project("{2150E333-8FDC-42A3-9474-1A3956D46DE8}") = "OrderProcessingService", "OrderProcessingService", "{3F4B4C29-9E79-4939-A960-300B21B49E12}"
EndProject
Project("{FAE04EC0-301F-11D3-BF4B-00C04F79EFBC}") = "OrderProcessingService", "OrderProcessingService\OrderProcessingService.csproj", "{CEAA91F2-E0AF-4917-A467-9799512770B9}"
EndProject
Global
	GlobalSection(SolutionConfigurationPlatforms) = preSolution
		Debug|Any CPU = Debug|Any CPU
		Release|Any CPU = Release|Any CPU
	EndGlobalSection
	GlobalSection(ProjectConfigurationPlatforms) = postSolution
		{9D80DB9F-B582-4B8C-A661-15AFC7E6B03F}.Debug|Any CPU.ActiveCfg = Debug|Any CPU
		{9D80DB9F-B582-4B8C-A661-15AFC7E6B03F}.Debug|Any CPU.Build.0 = Debug|Any CPU
		{9D80DB9F-B582-4B8C-A661-15AFC7E6B03F}.Release|Any CPU.ActiveCfg = Release|Any CPU
		{9D80DB9F-B582-4B8C-A661-15AFC7E6B03F}.Release|Any CPU.Build.0 = Release|Any CPU
		{E558EF8D-2591-4CDA-B65F-33BAE80BC9AF}.Debug|Any CPU.ActiveCfg = Debug|Any CPU
		{E558EF8D-2591-4CDA-B65F-33BAE80BC9AF}.Debug|Any CPU.Build.0 = Debug|Any CPU
		{E558EF8D-2591-4CDA-B65F-33BAE80BC9AF}.Release|Any CPU.ActiveCfg = Release|Any CPU
		{E558EF8D-2591-4CDA-B65F-33BAE80BC9AF}.Release|Any CPU.Build.0 = Release|Any CPU
		{40805867-2BC1-4DEB-A9AA-8CCA5E526535}.Debug|Any CPU.ActiveCfg = Debug|Any CPU
		{40805867-2BC1-4DEB-A9AA-8CCA5E526535}.Debug|Any CPU.Build.0 = Debug|Any CPU
		{40805867-2BC1-4DEB-A9AA-8CCA5E526535}.Release|Any CPU.ActiveCfg = Release|Any CPU
		{40805867-2BC1-4DEB-A9AA-8CCA5E526535}.Release|Any CPU.Build.0 = Release|Any CPU
		{A8573AC5-A9EE-406B-9FD4-7310D90C837F}.Debug|Any CPU.ActiveCfg = Debug|Any CPU
		{A8573AC5-A9EE-406B-9FD4-7310D90C837F}.Debug|Any CPU.Build.0 = Debug|Any CPU
		{A8573AC5-A9EE-406B-9FD4-7310D90C837F}.Release|Any CPU.ActiveCfg = Release|Any CPU
		{A8573AC5-A9EE-406B-9FD4-7310D90C837F}.Release|Any CPU.Build.0 = Release|Any CPU
		{5B52A28B-BF70-41AF-B563-8307681FB423}.Debug|Any CPU.ActiveCfg = Debug|Any CPU
		{5B52A28B-BF70-41AF-B563-8307681FB423}.Debug|Any CPU.Build.0 = Debug|Any CPU
		{5B52A28B-BF70-41AF-B563-8307681FB423}.Release|Any CPU.ActiveCfg = Release|Any CPU
		{5B52A28B-BF70-41AF-B563-8307681FB423}.Release|Any CPU.Build.0 = Release|Any CPU
		{1A4B3C64-6D80-4A51-9B04-0C4570CE4D37}.Debug|Any CPU.ActiveCfg = Debug|Any CPU
		{1A4B3C64-6D80-4A51-9B04-0C4570CE4D37}.Debug|Any CPU.Build.0 = Debug|Any CPU
		{1A4B3C64-6D80-4A51-9B04-0C4570CE4D37}.Release|Any CPU.ActiveCfg = Release|Any CPU
		{1A4B3C64-6D80-4A51-9B04-0C4570CE4D37}.Release|Any CPU.Build.0 = Release|Any CPU
		{C7D18154-6EE6-4AEF-96F1-9CF58ECB3C00}.Debug|Any CPU.ActiveCfg = Debug|Any CPU
		{C7D18154-6EE6-4AEF-96F1-9CF58ECB3C00}.Debug|Any CPU.Build.0 = Debug|Any CPU
		{C7D18154-6EE6-4AEF-96F1-9CF58ECB3C00}.Release|Any CPU.ActiveCfg = Release|Any CPU
		{C7D18154-6EE6-4AEF-96F1-9CF58ECB3C00}.Release|Any CPU.Build.0 = Release|Any CPU
		{C0EA5C4F-6477-4B00-9765-4D3A820B3439}.Debug|Any CPU.ActiveCfg = Debug|Any CPU
		{C0EA5C4F-6477-4B00-9765-4D3A820B3439}.Debug|Any CPU.Build.0 = Debug|Any CPU
		{C0EA5C4F-6477-4B00-9765-4D3A820B3439}.Release|Any CPU.ActiveCfg = Release|Any CPU
		{C0EA5C4F-6477-4B00-9765-4D3A820B3439}.Release|Any CPU.Build.0 = Release|Any CPU
		{CDBDD75C-65BF-451D-BA20-4434CBAAE757}.Debug|Any CPU.ActiveCfg = Debug|Any CPU
		{CDBDD75C-65BF-451D-BA20-4434CBAAE757}.Debug|Any CPU.Build.0 = Debug|Any CPU
		{CDBDD75C-65BF-451D-BA20-4434CBAAE757}.Release|Any CPU.ActiveCfg = Release|Any CPU
		{CDBDD75C-65BF-451D-BA20-4434CBAAE757}.Release|Any CPU.Build.0 = Release|Any CPU
		{B841A7EE-45F9-41A8-89FA-71E08C9C66BD}.Debug|Any CPU.ActiveCfg = Debug|Any CPU
		{B841A7EE-45F9-41A8-89FA-71E08C9C66BD}.Debug|Any CPU.Build.0 = Debug|Any CPU
		{B841A7EE-45F9-41A8-89FA-71E08C9C66BD}.Release|Any CPU.ActiveCfg = Release|Any CPU
		{B841A7EE-45F9-41A8-89FA-71E08C9C66BD}.Release|Any CPU.Build.0 = Release|Any CPU
		{9BE4361E-D000-46B0-9716-5B03B4FE4332}.Debug|Any CPU.ActiveCfg = Debug|Any CPU
		{9BE4361E-D000-46B0-9716-5B03B4FE4332}.Debug|Any CPU.Build.0 = Debug|Any CPU
		{9BE4361E-D000-46B0-9716-5B03B4FE4332}.Release|Any CPU.ActiveCfg = Release|Any CPU
		{9BE4361E-D000-46B0-9716-5B03B4FE4332}.Release|Any CPU.Build.0 = Release|Any CPU
		{CEAA91F2-E0AF-4917-A467-9799512770B9}.Debug|Any CPU.ActiveCfg = Debug|Any CPU
		{CEAA91F2-E0AF-4917-A467-9799512770B9}.Debug|Any CPU.Build.0 = Debug|Any CPU
		{CEAA91F2-E0AF-4917-A467-9799512770B9}.Release|Any CPU.ActiveCfg = Release|Any CPU
		{CEAA91F2-E0AF-4917-A467-9799512770B9}.Release|Any CPU.Build.0 = Release|Any CPU
	EndGlobalSection
	GlobalSection(SolutionProperties) = preSolution
		HideSolutionNode = FALSE
	EndGlobalSection
	GlobalSection(NestedProjects) = preSolution
		{9D80DB9F-B582-4B8C-A661-15AFC7E6B03F} = {02EA681E-C7D8-13C7-8484-4AC65E1B71E8}
		{E558EF8D-2591-4CDA-B65F-33BAE80BC9AF} = {02EA681E-C7D8-13C7-8484-4AC65E1B71E8}
		{40805867-2BC1-4DEB-A9AA-8CCA5E526535} = {02EA681E-C7D8-13C7-8484-4AC65E1B71E8}
		{A8573AC5-A9EE-406B-9FD4-7310D90C837F} = {02EA681E-C7D8-13C7-8484-4AC65E1B71E8}
		{5B52A28B-BF70-41AF-B563-8307681FB423} = {02EA681E-C7D8-13C7-8484-4AC65E1B71E8}
		{1A4B3C64-6D80-4A51-9B04-0C4570CE4D37} = {02EA681E-C7D8-13C7-8484-4AC65E1B71E8}
		{C7D18154-6EE6-4AEF-96F1-9CF58ECB3C00} = {02EA681E-C7D8-13C7-8484-4AC65E1B71E8}
		{C0EA5C4F-6477-4B00-9765-4D3A820B3439} = {1D23319B-597D-4985-A1B0-DB8C07665BCD}
		{CDBDD75C-65BF-451D-BA20-4434CBAAE757} = {1D23319B-597D-4985-A1B0-DB8C07665BCD}
		{B841A7EE-45F9-41A8-89FA-71E08C9C66BD} = {1D23319B-597D-4985-A1B0-DB8C07665BCD}
		{9BE4361E-D000-46B0-9716-5B03B4FE4332} = {82900DD0-B4C0-4876-892E-F4397ECBE020}
		{CEAA91F2-E0AF-4917-A467-9799512770B9} = {3F4B4C29-9E79-4939-A960-300B21B49E12}
	EndGlobalSection
	GlobalSection(ExtensibilityGlobals) = postSolution
		SolutionGuid = {8DB92FAD-5092-4581-A558-38785F95D177}
	EndGlobalSection
EndGlobal
